
Microsoft Visual Studio Solution File, Format Version 12.00
# Visual Studio Version 16
VisualStudioVersion = 16.0.31424.327
MinimumVisualStudioVersion = 10.0.40219.1
Project("{FAE04EC0-301F-11D3-BF4B-00C04F79EFBC}") = "PizzaDaMamma.Orders", "PizzaDaMamma.Orders\PizzaDaMamma.Orders.csproj", "{329AF840-127B-49BF-8890-94E6639A874F}"
EndProject
Global
	GlobalSection(SolutionConfigurationPlatforms) = preSolution
		Debug|Any CPU = Debug|Any CPU
		Release|Any CPU = Release|Any CPU
	EndGlobalSection
	GlobalSection(ProjectConfigurationPlatforms) = postSolution
		{329AF840-127B-49BF-8890-94E6639A874F}.Debug|Any CPU.ActiveCfg = Debug|Any CPU
		{329AF840-127B-49BF-8890-94E6639A874F}.Debug|Any CPU.Build.0 = Debug|Any CPU
		{329AF840-127B-49BF-8890-94E6639A874F}.Release|Any CPU.ActiveCfg = Release|Any CPU
		{329AF840-127B-49BF-8890-94E6639A874F}.Release|Any CPU.Build.0 = Release|Any CPU
	EndGlobalSection
	GlobalSection(SolutionProperties) = preSolution
		HideSolutionNode = FALSE
	EndGlobalSection
	GlobalSection(ExtensibilityGlobals) = postSolution
		SolutionGuid = {271825DB-3F0E-4983-98DB-32A6B851FFDA}
	EndGlobalSection
EndGlobal
